
Microsoft Visual Studio Solution File, Format Version 12.00
# Visual Studio 15
VisualStudioVersion = 15.0.28010.2048
MinimumVisualStudioVersion = 10.0.40219.1
Project("{FAE04EC0-301F-11D3-BF4B-00C04F79EFBC}") = "ForegroundService.Android", "ForegroundService\ForegroundService.Android\ForegroundService.Android.csproj", "{76BE7784-F1B0-403F-8A91-2401C12E01A9}"
EndProject
Project("{FAE04EC0-301F-11D3-BF4B-00C04F79EFBC}") = "ForegroundService", "ForegroundService\ForegroundService\ForegroundService.csproj", "{712AB051-342F-4E07-A0B0-EA9D11654C0B}"
EndProject
Global
	GlobalSection(SolutionConfigurationPlatforms) = preSolution
		Debug|Any CPU = Debug|Any CPU
		Release|Any CPU = Release|Any CPU
	EndGlobalSection
	GlobalSection(ProjectConfigurationPlatforms) = postSolution
		{76BE7784-F1B0-403F-8A91-2401C12E01A9}.Debug|Any CPU.ActiveCfg = Debug|Any CPU
		{76BE7784-F1B0-403F-8A91-2401C12E01A9}.Debug|Any CPU.Build.0 = Debug|Any CPU
		{76BE7784-F1B0-403F-8A91-2401C12E01A9}.Debug|Any CPU.Deploy.0 = Debug|Any CPU
		{76BE7784-F1B0-403F-8A91-2401C12E01A9}.Release|Any CPU.ActiveCfg = Release|Any CPU
		{76BE7784-F1B0-403F-8A91-2401C12E01A9}.Release|Any CPU.Build.0 = Release|Any CPU
		{76BE7784-F1B0-403F-8A91-2401C12E01A9}.Release|Any CPU.Deploy.0 = Release|Any CPU
		{712AB051-342F-4E07-A0B0-EA9D11654C0B}.Debug|Any CPU.ActiveCfg = Debug|Any CPU
		{712AB051-342F-4E07-A0B0-EA9D11654C0B}.Debug|Any CPU.Build.0 = Debug|Any CPU
		{712AB051-342F-4E07-A0B0-EA9D11654C0B}.Debug|Any CPU.Deploy.0 = Debug|Any CPU
		{712AB051-342F-4E07-A0B0-EA9D11654C0B}.Release|Any CPU.ActiveCfg = Release|Any CPU
		{712AB051-342F-4E07-A0B0-EA9D11654C0B}.Release|Any CPU.Build.0 = Release|Any CPU
		{712AB051-342F-4E07-A0B0-EA9D11654C0B}.Release|Any CPU.Deploy.0 = Release|Any CPU
	EndGlobalSection
	GlobalSection(SolutionProperties) = preSolution
		HideSolutionNode = FALSE
	EndGlobalSection
	GlobalSection(ExtensibilityGlobals) = postSolution
		SolutionGuid = {E1F6463E-3BF7-4572-8BA9-ED0C488C645E}
	EndGlobalSection
EndGlobal
